
Microsoft Visual Studio Solution File, Format Version 12.00
# Visual Studio Version 16
VisualStudioVersion = 16.0.28803.352
MinimumVisualStudioVersion = 10.0.40219.1
Project("{E24C65DC-7377-472B-9ABA-BC803B73C61A}") = "app", "app\", "{7A9E24FF-F3F3-432C-BEF9-F5C783E5D46C}"
	ProjectSection(WebsiteProperties) = preProject
		TargetFrameworkMoniker = ".NETFramework,Version%3Dv4.6"
		Debug.AspNetCompiler.VirtualPath = "/localhost_64232"
		Debug.AspNetCompiler.PhysicalPath = "app\"
		Debug.AspNetCompiler.TargetPath = "PrecompiledWeb\localhost_64232\"
		Debug.AspNetCompiler.Updateable = "true"
		Debug.AspNetCompiler.ForceOverwrite = "true"
		Debug.AspNetCompiler.FixedNames = "false"
		Debug.AspNetCompiler.Debug = "True"
		Release.AspNetCompiler.VirtualPath = "/localhost_64232"
		Release.AspNetCompiler.PhysicalPath = "app\"
		Release.AspNetCompiler.TargetPath = "PrecompiledWeb\localhost_64232\"
		Release.AspNetCompiler.Updateable = "true"
		Release.AspNetCompiler.ForceOverwrite = "true"
		Release.AspNetCompiler.FixedNames = "false"
		Release.AspNetCompiler.Debug = "False"
		VWDPort = "64232"
	EndProjectSection
EndProject
Project("{2150E333-8FDC-42A3-9474-1A3956D46DE8}") = "Code On Time Items", "Code On Time Items", "{08CFA733-CD64-462C-B3AD-BE7C8CC1C269}"
	ProjectSection(SolutionItems) = preProject
		ClientLibrary.en-US.txt = ClientLibrary.en-US.txt
		DataAquarium.Project.xml = DataAquarium.Project.xml
		DataAquarium.Version.xml = DataAquarium.Version.xml
		Sync.PCDC-DEV2-DevOpsUser.xml = Sync.PCDC-DEV2-DevOpsUser.xml
	EndProjectSection
EndProject
Global
	GlobalSection(SolutionConfigurationPlatforms) = preSolution
		Debug|Any CPU = Debug|Any CPU
	EndGlobalSection
	GlobalSection(ProjectConfigurationPlatforms) = postSolution
		{7A9E24FF-F3F3-432C-BEF9-F5C783E5D46C}.Debug|Any CPU.ActiveCfg = Debug|Any CPU
		{7A9E24FF-F3F3-432C-BEF9-F5C783E5D46C}.Debug|Any CPU.Build.0 = Debug|Any CPU
	EndGlobalSection
	GlobalSection(SolutionProperties) = preSolution
		HideSolutionNode = FALSE
	EndGlobalSection
	GlobalSection(ExtensibilityGlobals) = postSolution
		SolutionGuid = {4E115310-9BA4-4B56-B3AA-FDF46CF00E63}
	EndGlobalSection
EndGlobal
